{
  "nodes": {
    "nixpkgs": {
      "locked": {
        "lastModified": 1735412871,
        "narHash": "sha256-Qoz0ow6jDGUIBHxduc7Y1cjYFS71tvEGJV5Src/mj98=",
        "owner": "nixos",
        "repo": "nixpkgs",
        "rev": "9f94733f93e4fe6e82f516efae007096e4ab5a21",
        "type": "github"
      },
      "original": {
        "owner": "nixos",
        "ref": "nixos-24.11",
        "repo": "nixpkgs",
        "type": "github"
      }
    },
    "root": {
      "inputs": {
        "nixpkgs": "nixpkgs"
      }
    }
  },
  "root": "root",
  "version": 7
}
